{
  "name": "onchange",
  "version": "6.0.0",
  "lockfileVersion": 1,
  "requires": true,
  "dependencies": {
    "@blakeembrey/deque": {
      "version": "1.0.3",
      "resolved": "https://registry.npmjs.org/@blakeembrey/deque/-/deque-1.0.3.tgz",
      "integrity": "sha512-w6e4y0QqbPMZJrvZZQ4vP/4yxdsnG3Kr5J3isq6neMrqwo32vGk/LyGMGN9y79XP0wR8UuGROILhTsg5NnhCAw=="
    },
    "anymatch": {
      "version": "3.0.1",
      "resolved": "https://registry.npmjs.org/anymatch/-/anymatch-3.0.1.tgz",
      "integrity": "sha512-WQdpV5fo7XSY76HPN4pqdUl13Q282JsV0gQ8OnIxQsqDEHDZJCBkQ89fL1Mb3tNiPzGQnxMHM5G2iG3k9O6yng==",
      "requires": {
        "normalize-path": "^3.0.0",
        "picomatch": "^2.0.4"
      }
    },
    "arrify": {
      "version": "2.0.0",
      "resolved": "https://registry.npmjs.org/arrify/-/arrify-2.0.0.tgz",
      "integrity": "sha512-C+FpZX94te3l4TQu40KxfwOKlXQr6b+AcpFp/0bb2JbUX8P6FwL0srF/shrVgklis9AAdeUVwzVmyOiFzm0/ww=="
    },
    "async-each": {
      "version": "1.0.3",
      "resolved": "https://registry.npmjs.org/async-each/-/async-each-1.0.3.tgz",
      "integrity": "sha512-z/WhQ5FPySLdvREByI2vZiTWwCnF0moMJ1hK9YQwDTHKh6I7/uSckMetoRGb5UBZPC1z0jlw+n/XCgjeH7y1AQ=="
    },
    "binary-extensions": {
      "version": "2.0.0",
      "resolved": "https://registry.npmjs.org/binary-extensions/-/binary-extensions-2.0.0.tgz",
      "integrity": "sha512-Phlt0plgpIIBOGTT/ehfFnbNlfsDEiqmzE2KRXoX1bLIlir4X/MR+zSyBEkL05ffWgnRSf/DXv+WrUAVr93/ow=="
    },
    "braces": {
      "version": "3.0.2",
      "resolved": "https://registry.npmjs.org/braces/-/braces-3.0.2.tgz",
      "integrity": "sha512-b8um+L1RzM3WDSzvhm6gIz1yfTbBt6YTlcEKAvsmqCZZFw46z626lVj9j1yEPW33H5H+lBQpZMP1k8l+78Ha0A==",
      "requires": {
        "fill-range": "^7.0.1"
      }
    },
    "chokidar": {
      "version": "3.0.0",
      "resolved": "https://registry.npmjs.org/chokidar/-/chokidar-3.0.0.tgz",
      "integrity": "sha512-ebzWopcacB2J19Jsb5RPtMrzmjUZ5VAQnsL0Ztrix3lswozHbiDp+1Lg3AWSKHdwsps/W2vtshA/x3I827F78g==",
      "requires": {
        "anymatch": "^3.0.1",
        "async-each": "^1.0.3",
        "braces": "^3.0.2",
        "fsevents": "^2.0.6",
        "glob-parent": "^5.0.0",
        "is-binary-path": "^2.1.0",
        "is-glob": "^4.0.1",
        "normalize-path": "^3.0.0",
        "readdirp": "^3.0.1"
      }
    },
    "cross-spawn": {
      "version": "7.0.0",
      "resolved": "https://registry.npmjs.org/cross-spawn/-/cross-spawn-7.0.0.tgz",
      "integrity": "sha512-6U/8SMK2FBNnB21oQ4+6Nsodxanw1gTkntYA2zBdkFYFu3ZDx65P2ONEXGSvob/QS6REjVHQ9zxzdOafwFdstw==",
      "requires": {
        "path-key": "^3.1.0",
        "shebang-command": "^1.2.0",
        "which": "^1.2.9"
      }
    },
    "fill-range": {
      "version": "7.0.1",
      "resolved": "https://registry.npmjs.org/fill-range/-/fill-range-7.0.1.tgz",
      "integrity": "sha512-qOo9F+dMUmC2Lcb4BbVvnKJxTPjCm+RRpe4gDuGrzkL7mEVl/djYSu2OdQ2Pa302N4oqkSg9ir6jaLWJ2USVpQ==",
      "requires": {
        "to-regex-range": "^5.0.1"
      }
    },
    "fsevents": {
      "version": "2.0.6",
      "resolved": "https://registry.npmjs.org/fsevents/-/fsevents-2.0.6.tgz",
      "integrity": "sha512-vfmKZp3XPM36DNF0qhW+Cdxk7xm7gTEHY1clv1Xq1arwRQuKZgAhw+NZNWbJBtuaNxzNXwhfdPYRrvIbjfS33A==",
      "optional": true
    },
    "glob-parent": {
      "version": "5.0.0",
      "resolved": "https://registry.npmjs.org/glob-parent/-/glob-parent-5.0.0.tgz",
      "integrity": "sha512-Z2RwiujPRGluePM6j699ktJYxmPpJKCfpGA13jz2hmFZC7gKetzrWvg5KN3+OsIFmydGyZ1AVwERCq1w/ZZwRg==",
      "requires": {
        "is-glob": "^4.0.1"
      }
    },
    "has-flag": {
      "version": "4.0.0",
      "resolved": "https://registry.npmjs.org/has-flag/-/has-flag-4.0.0.tgz",
      "integrity": "sha512-EykJT/Q1KjTWctppgIAgfSO0tKVuZUjhgMr17kqTumMl6Afv3EISleU7qZUzoXDFTAHTDC4NOoG/ZxU3EvlMPQ=="
    },
    "is-binary-path": {
      "version": "2.1.0",
      "resolved": "https://registry.npmjs.org/is-binary-path/-/is-binary-path-2.1.0.tgz",
      "integrity": "sha512-ZMERYes6pDydyuGidse7OsHxtbI7WVeUEozgR/g7rd0xUimYNlvZRE/K2MgZTjWy725IfelLeVcEM97mmtRGXw==",
      "requires": {
        "binary-extensions": "^2.0.0"
      }
    },
    "is-extglob": {
      "version": "2.1.1",
      "resolved": "https://registry.npmjs.org/is-extglob/-/is-extglob-2.1.1.tgz",
      "integrity": "sha1-qIwCU1eR8C7TfHahueqXc8gz+MI="
    },
    "is-glob": {
      "version": "4.0.1",
      "resolved": "https://registry.npmjs.org/is-glob/-/is-glob-4.0.1.tgz",
      "integrity": "sha512-5G0tKtBTFImOqDnLB2hG6Bp2qcKEFduo4tZu9MT/H6NQv/ghhy30o55ufafxJ/LdH79LLs2Kfrn85TLKyA7BUg==",
      "requires": {
        "is-extglob": "^2.1.1"
      }
    },
    "is-number": {
      "version": "7.0.0",
      "resolved": "https://registry.npmjs.org/is-number/-/is-number-7.0.0.tgz",
      "integrity": "sha512-41Cifkg6e8TylSpdtTpeLVMqvSBEVzTttHvERD741+pnZ8ANv0004MRL43QKPDlK9cGvNp6NZWZUBlbGXYxxng=="
    },
    "isexe": {
      "version": "2.0.0",
      "resolved": "https://registry.npmjs.org/isexe/-/isexe-2.0.0.tgz",
      "integrity": "sha1-6PvzdNxVb/iUehDcsFctYz8s+hA="
    },
    "minimist": {
      "version": "1.2.0",
      "resolved": "http://registry.npmjs.org/minimist/-/minimist-1.2.0.tgz",
      "integrity": "sha1-o1AIsg9BOD7sH7kU9M1d95omQoQ="
    },
    "normalize-path": {
      "version": "3.0.0",
      "resolved": "https://registry.npmjs.org/normalize-path/-/normalize-path-3.0.0.tgz",
      "integrity": "sha512-6eZs5Ls3WtCisHWp9S2GUy8dqkpGi4BVSz3GaqiE6ezub0512ESztXUwUB6C6IKbQkY2Pnb/mD4WYojCRwcwLA=="
    },
    "path-key": {
      "version": "3.1.0",
      "resolved": "https://registry.npmjs.org/path-key/-/path-key-3.1.0.tgz",
      "integrity": "sha512-8cChqz0RP6SHJkMt48FW0A7+qUOn+OsnOsVtzI59tZ8m+5bCSk7hzwET0pulwOM2YMn9J1efb07KB9l9f30SGg=="
    },
    "picomatch": {
      "version": "2.0.5",
      "resolved": "https://registry.npmjs.org/picomatch/-/picomatch-2.0.5.tgz",
      "integrity": "sha512-Zisqgaq/4P05ZclrU/g5XrzFqVo7YiJx+EP4haeVI9S7kvtZmZgmQMZfcvjEus9JcMhqZfQZObimT5ZydvKJGA=="
    },
    "readdirp": {
      "version": "3.0.1",
      "resolved": "https://registry.npmjs.org/readdirp/-/readdirp-3.0.1.tgz",
      "integrity": "sha512-emMp13NEwWQQX1yeDgrzDNCSY7NHV6k9HTW0OhyQqOAzYacbqQhnmWiCYjxNPcqMTQ9k77oXQJp28jkytm3+jg==",
      "requires": {
        "picomatch": "^2.0.4"
      }
    },
    "shebang-command": {
      "version": "1.2.0",
      "resolved": "https://registry.npmjs.org/shebang-command/-/shebang-command-1.2.0.tgz",
      "integrity": "sha1-RKrGW2lbAzmJaMOfNj/uXer98eo=",
      "requires": {
        "shebang-regex": "^1.0.0"
      }
    },
    "shebang-regex": {
      "version": "1.0.0",
      "resolved": "https://registry.npmjs.org/shebang-regex/-/shebang-regex-1.0.0.tgz",
      "integrity": "sha1-2kL0l0DAtC2yypcoVxyxkMmO/qM="
    },
    "supports-color": {
      "version": "7.0.0",
      "resolved": "https://registry.npmjs.org/supports-color/-/supports-color-7.0.0.tgz",
      "integrity": "sha512-WRt32iTpYEZWYOpcetGm0NPeSvaebccx7hhS/5M6sAiqnhedtFCHFxkjzZlJvFNCPowiKSFGiZk5USQDFy83vQ==",
      "requires": {
        "has-flag": "^4.0.0"
      }
    },
    "to-regex-range": {
      "version": "5.0.1",
      "resolved": "https://registry.npmjs.org/to-regex-range/-/to-regex-range-5.0.1.tgz",
      "integrity": "sha512-65P7iz6X5yEr1cwcgvQxbbIw7Uk3gOy5dIdtZ4rDveLqhrdJP+Li/Hx6tyK0NEb+2GCyneCMJiGqrADCSNk8sQ==",
      "requires": {
        "is-number": "^7.0.0"
      }
    },
    "tree-kill": {
      "version": "1.2.0",
      "resolved": "https://registry.npmjs.org/tree-kill/-/tree-kill-1.2.0.tgz",
      "integrity": "sha512-DlX6dR0lOIRDFxI0mjL9IYg6OTncLm/Zt+JiBhE5OlFcAR8yc9S7FFXU9so0oda47frdM/JFsk7UjNt9vscKcg=="
    },
    "which": {
      "version": "1.3.1",
      "resolved": "https://registry.npmjs.org/which/-/which-1.3.1.tgz",
      "integrity": "sha512-HxJdYWq1MTIQbJ3nw0cqssHoTNU267KlrDuGZ1WYlxDStUtKUhOaJmh112/TZmHxxUfuJqPXSOm7tDyas0OSIQ==",
      "requires": {
        "isexe": "^2.0.0"
      }
    }
  }
}
