{
  "name": "onchange",
  "version": "6.0.0",
  "lockfileVersion": 1,
  "requires": true,
  "dependencies": {
    "@blakeembrey/deque": {
      "version": "1.0.5",
      "resolved": "https://registry.npmjs.org/@blakeembrey/deque/-/deque-1.0.5.tgz",
      "integrity": "sha512-6xnwtvp9DY1EINIKdTfvfeAtCYw4OqBZJhtiqkT3ivjnEfa25VQ3TsKvaFfKm8MyGIEfE95qLe+bNEt3nB0Ylg=="
    },
    "anymatch": {
      "version": "3.1.0",
      "resolved": "https://registry.npmjs.org/anymatch/-/anymatch-3.1.0.tgz",
      "integrity": "sha512-Ozz7l4ixzI7Oxj2+cw+p0tVUt27BpaJ+1+q1TCeANWxHpvyn2+Un+YamBdfKu0uh8xLodGhoa1v7595NhKDAuA==",
      "requires": {
        "normalize-path": "^3.0.0",
        "picomatch": "^2.0.4"
      }
    },
    "arrify": {
      "version": "2.0.1",
      "resolved": "https://registry.npmjs.org/arrify/-/arrify-2.0.1.tgz",
      "integrity": "sha512-3duEwti880xqi4eAMN8AyR4a0ByT90zoYdLlevfrvU43vb0YZwZVfxOgxWrLXXXpyugL0hNZc9G6BiB5B3nUug=="
    },
    "binary-extensions": {
      "version": "2.0.0",
      "resolved": "https://registry.npmjs.org/binary-extensions/-/binary-extensions-2.0.0.tgz",
      "integrity": "sha512-Phlt0plgpIIBOGTT/ehfFnbNlfsDEiqmzE2KRXoX1bLIlir4X/MR+zSyBEkL05ffWgnRSf/DXv+WrUAVr93/ow=="
    },
    "braces": {
      "version": "3.0.2",
      "resolved": "https://registry.npmjs.org/braces/-/braces-3.0.2.tgz",
      "integrity": "sha512-b8um+L1RzM3WDSzvhm6gIz1yfTbBt6YTlcEKAvsmqCZZFw46z626lVj9j1yEPW33H5H+lBQpZMP1k8l+78Ha0A==",
      "requires": {
        "fill-range": "^7.0.1"
      }
    },
    "chokidar": {
      "version": "3.0.2",
      "resolved": "https://registry.npmjs.org/chokidar/-/chokidar-3.0.2.tgz",
      "integrity": "sha512-c4PR2egjNjI1um6bamCQ6bUNPDiyofNQruHvKgHQ4gDUP/ITSVSzNsiI5OWtHOsX323i5ha/kk4YmOZ1Ktg7KA==",
      "requires": {
        "anymatch": "^3.0.1",
        "braces": "^3.0.2",
        "fsevents": "^2.0.6",
        "glob-parent": "^5.0.0",
        "is-binary-path": "^2.1.0",
        "is-glob": "^4.0.1",
        "normalize-path": "^3.0.0",
        "readdirp": "^3.1.1"
      }
    },
    "cross-spawn": {
      "version": "7.0.0",
      "resolved": "https://registry.npmjs.org/cross-spawn/-/cross-spawn-7.0.0.tgz",
      "integrity": "sha512-6U/8SMK2FBNnB21oQ4+6Nsodxanw1gTkntYA2zBdkFYFu3ZDx65P2ONEXGSvob/QS6REjVHQ9zxzdOafwFdstw==",
      "requires": {
        "path-key": "^3.1.0",
        "shebang-command": "^1.2.0",
        "which": "^1.2.9"
      }
    },
    "fill-range": {
      "version": "7.0.1",
      "resolved": "https://registry.npmjs.org/fill-range/-/fill-range-7.0.1.tgz",
      "integrity": "sha512-qOo9F+dMUmC2Lcb4BbVvnKJxTPjCm+RRpe4gDuGrzkL7mEVl/djYSu2OdQ2Pa302N4oqkSg9ir6jaLWJ2USVpQ==",
      "requires": {
        "to-regex-range": "^5.0.1"
      }
    },
    "fsevents": {
      "version": "2.0.7",
      "resolved": "https://registry.npmjs.org/fsevents/-/fsevents-2.0.7.tgz",
      "integrity": "sha512-a7YT0SV3RB+DjYcppwVDLtn13UQnmg0SWZS7ezZD0UjnLwXmy8Zm21GMVGLaFGimIqcvyMQaOJBrop8MyOp1kQ==",
      "optional": true
    },
    "glob-parent": {
      "version": "5.0.0",
      "resolved": "https://registry.npmjs.org/glob-parent/-/glob-parent-5.0.0.tgz",
      "integrity": "sha512-Z2RwiujPRGluePM6j699ktJYxmPpJKCfpGA13jz2hmFZC7gKetzrWvg5KN3+OsIFmydGyZ1AVwERCq1w/ZZwRg==",
      "requires": {
        "is-glob": "^4.0.1"
      }
    },
    "has-flag": {
      "version": "4.0.0",
      "resolved": "https://registry.npmjs.org/has-flag/-/has-flag-4.0.0.tgz",
      "integrity": "sha512-EykJT/Q1KjTWctppgIAgfSO0tKVuZUjhgMr17kqTumMl6Afv3EISleU7qZUzoXDFTAHTDC4NOoG/ZxU3EvlMPQ=="
    },
    "is-binary-path": {
      "version": "2.1.0",
      "resolved": "https://registry.npmjs.org/is-binary-path/-/is-binary-path-2.1.0.tgz",
      "integrity": "sha512-ZMERYes6pDydyuGidse7OsHxtbI7WVeUEozgR/g7rd0xUimYNlvZRE/K2MgZTjWy725IfelLeVcEM97mmtRGXw==",
      "requires": {
        "binary-extensions": "^2.0.0"
      }
    },
    "is-extglob": {
      "version": "2.1.1",
      "resolved": "https://registry.npmjs.org/is-extglob/-/is-extglob-2.1.1.tgz",
      "integrity": "sha1-qIwCU1eR8C7TfHahueqXc8gz+MI="
    },
    "is-glob": {
      "version": "4.0.1",
      "resolved": "https://registry.npmjs.org/is-glob/-/is-glob-4.0.1.tgz",
      "integrity": "sha512-5G0tKtBTFImOqDnLB2hG6Bp2qcKEFduo4tZu9MT/H6NQv/ghhy30o55ufafxJ/LdH79LLs2Kfrn85TLKyA7BUg==",
      "requires": {
        "is-extglob": "^2.1.1"
      }
    },
    "is-number": {
      "version": "7.0.0",
      "resolved": "https://registry.npmjs.org/is-number/-/is-number-7.0.0.tgz",
      "integrity": "sha512-41Cifkg6e8TylSpdtTpeLVMqvSBEVzTttHvERD741+pnZ8ANv0004MRL43QKPDlK9cGvNp6NZWZUBlbGXYxxng=="
    },
    "isexe": {
      "version": "2.0.0",
      "resolved": "https://registry.npmjs.org/isexe/-/isexe-2.0.0.tgz",
      "integrity": "sha1-6PvzdNxVb/iUehDcsFctYz8s+hA="
    },
    "minimist": {
      "version": "1.2.0",
      "resolved": "http://registry.npmjs.org/minimist/-/minimist-1.2.0.tgz",
      "integrity": "sha1-o1AIsg9BOD7sH7kU9M1d95omQoQ="
    },
    "normalize-path": {
      "version": "3.0.0",
      "resolved": "https://registry.npmjs.org/normalize-path/-/normalize-path-3.0.0.tgz",
      "integrity": "sha512-6eZs5Ls3WtCisHWp9S2GUy8dqkpGi4BVSz3GaqiE6ezub0512ESztXUwUB6C6IKbQkY2Pnb/mD4WYojCRwcwLA=="
    },
    "path-key": {
      "version": "3.1.0",
      "resolved": "https://registry.npmjs.org/path-key/-/path-key-3.1.0.tgz",
      "integrity": "sha512-8cChqz0RP6SHJkMt48FW0A7+qUOn+OsnOsVtzI59tZ8m+5bCSk7hzwET0pulwOM2YMn9J1efb07KB9l9f30SGg=="
    },
    "picomatch": {
      "version": "2.0.7",
      "resolved": "https://registry.npmjs.org/picomatch/-/picomatch-2.0.7.tgz",
      "integrity": "sha512-oLHIdio3tZ0qH76NybpeneBhYVj0QFTfXEFTc/B3zKQspYfYYkWYgFsmzo+4kvId/bQRcNkVeguI3y+CD22BtA=="
    },
    "readdirp": {
      "version": "3.1.2",
      "resolved": "https://registry.npmjs.org/readdirp/-/readdirp-3.1.2.tgz",
      "integrity": "sha512-8rhl0xs2cxfVsqzreYCvs8EwBfn/DhVdqtoLmw19uI3SC5avYX9teCurlErfpPXGmYtMHReGaP2RsLnFvz/lnw==",
      "requires": {
        "picomatch": "^2.0.4"
      }
    },
    "shebang-command": {
      "version": "1.2.0",
      "resolved": "https://registry.npmjs.org/shebang-command/-/shebang-command-1.2.0.tgz",
      "integrity": "sha1-RKrGW2lbAzmJaMOfNj/uXer98eo=",
      "requires": {
        "shebang-regex": "^1.0.0"
      }
    },
    "shebang-regex": {
      "version": "1.0.0",
      "resolved": "https://registry.npmjs.org/shebang-regex/-/shebang-regex-1.0.0.tgz",
      "integrity": "sha1-2kL0l0DAtC2yypcoVxyxkMmO/qM="
    },
    "supports-color": {
      "version": "7.0.0",
      "resolved": "https://registry.npmjs.org/supports-color/-/supports-color-7.0.0.tgz",
      "integrity": "sha512-WRt32iTpYEZWYOpcetGm0NPeSvaebccx7hhS/5M6sAiqnhedtFCHFxkjzZlJvFNCPowiKSFGiZk5USQDFy83vQ==",
      "requires": {
        "has-flag": "^4.0.0"
      }
    },
    "to-regex-range": {
      "version": "5.0.1",
      "resolved": "https://registry.npmjs.org/to-regex-range/-/to-regex-range-5.0.1.tgz",
      "integrity": "sha512-65P7iz6X5yEr1cwcgvQxbbIw7Uk3gOy5dIdtZ4rDveLqhrdJP+Li/Hx6tyK0NEb+2GCyneCMJiGqrADCSNk8sQ==",
      "requires": {
        "is-number": "^7.0.0"
      }
    },
    "tree-kill": {
      "version": "1.2.1",
      "resolved": "https://registry.npmjs.org/tree-kill/-/tree-kill-1.2.1.tgz",
      "integrity": "sha512-4hjqbObwlh2dLyW4tcz0Ymw0ggoaVDMveUB9w8kFSQScdRLo0gxO9J7WFcUBo+W3C1TLdFIEwNOWebgZZ0RH9Q=="
    },
    "which": {
      "version": "1.3.1",
      "resolved": "https://registry.npmjs.org/which/-/which-1.3.1.tgz",
      "integrity": "sha512-HxJdYWq1MTIQbJ3nw0cqssHoTNU267KlrDuGZ1WYlxDStUtKUhOaJmh112/TZmHxxUfuJqPXSOm7tDyas0OSIQ==",
      "requires": {
        "isexe": "^2.0.0"
      }
    }
  }
}
